
Microsoft Visual Studio Solution File, Format Version 12.00
# Visual Studio 15
VisualStudioVersion = 15.0.28307.902
MinimumVisualStudioVersion = 10.0.40219.1
Project("{8BC9CEB8-8B4A-11D0-8D11-00A0C91BC942}") = "WinMFC", "WinMFC\WinMFC.vcxproj", "{09B0836A-F43D-44E1-A772-626DFE021165}"
EndProject
Project("{8BC9CEB8-8B4A-11D0-8D11-00A0C91BC942}") = "DemoWin01", "DemoWin01\DemoWin01.vcxproj", "{23A35797-1419-4539-A197-B7821B91DF78}"
EndProject
Project("{8BC9CEB8-8B4A-11D0-8D11-00A0C91BC942}") = "DemoMFC01", "DemoMFC01\DemoMFC01.vcxproj", "{243278CF-23BA-4030-A646-8F130B0FDEF2}"
EndProject
Project("{8BC9CEB8-8B4A-11D0-8D11-00A0C91BC942}") = "DemoMFC02", "DemoMFC02\DemoMFC02.vcxproj", "{9B0C14E5-3BA5-4A4A-8FC0-E3F81A986095}"
EndProject
Project("{8BC9CEB8-8B4A-11D0-8D11-00A0C91BC942}") = "DemoMFC03", "DemoMFC03\DemoMFC03.vcxproj", "{4D13BA2B-D336-4F43-BCE9-8451A38947B8}"
EndProject
Project("{8BC9CEB8-8B4A-11D0-8D11-00A0C91BC942}") = "DemoMFC04", "DemoMFC04\DemoMFC04.vcxproj", "{FDDB68DB-A18B-417F-93EC-F3A38EEB06D5}"
EndProject
Project("{8BC9CEB8-8B4A-11D0-8D11-00A0C91BC942}") = "DemoMFC05", "DemoMFC05\DemoMFC05.vcxproj", "{4DE0E152-7C25-4EA1-9EF3-55683EE6C1D5}"
EndProject
Project("{8BC9CEB8-8B4A-11D0-8D11-00A0C91BC942}") = "DemoMFC06", "DemoMFC06\DemoMFC06.vcxproj", "{B9C47519-ED8F-4D51-B127-90EB6D9B9246}"
EndProject
Project("{8BC9CEB8-8B4A-11D0-8D11-00A0C91BC942}") = "DemoMFC07", "DemoMFC07\DemoMFC07.vcxproj", "{1C72CC2E-CB76-4CDD-9286-601BC27CED45}"
EndProject
Global
	GlobalSection(SolutionConfigurationPlatforms) = preSolution
		Debug|x64 = Debug|x64
		Debug|x86 = Debug|x86
		Release|x64 = Release|x64
		Release|x86 = Release|x86
	EndGlobalSection
	GlobalSection(ProjectConfigurationPlatforms) = postSolution
		{09B0836A-F43D-44E1-A772-626DFE021165}.Debug|x64.ActiveCfg = Debug|x64
		{09B0836A-F43D-44E1-A772-626DFE021165}.Debug|x64.Build.0 = Debug|x64
		{09B0836A-F43D-44E1-A772-626DFE021165}.Debug|x86.ActiveCfg = Debug|Win32
		{09B0836A-F43D-44E1-A772-626DFE021165}.Debug|x86.Build.0 = Debug|Win32
		{09B0836A-F43D-44E1-A772-626DFE021165}.Release|x64.ActiveCfg = Release|x64
		{09B0836A-F43D-44E1-A772-626DFE021165}.Release|x64.Build.0 = Release|x64
		{09B0836A-F43D-44E1-A772-626DFE021165}.Release|x86.ActiveCfg = Release|Win32
		{09B0836A-F43D-44E1-A772-626DFE021165}.Release|x86.Build.0 = Release|Win32
		{23A35797-1419-4539-A197-B7821B91DF78}.Debug|x64.ActiveCfg = Debug|x64
		{23A35797-1419-4539-A197-B7821B91DF78}.Debug|x64.Build.0 = Debug|x64
		{23A35797-1419-4539-A197-B7821B91DF78}.Debug|x86.ActiveCfg = Debug|Win32
		{23A35797-1419-4539-A197-B7821B91DF78}.Debug|x86.Build.0 = Debug|Win32
		{23A35797-1419-4539-A197-B7821B91DF78}.Release|x64.ActiveCfg = Release|x64
		{23A35797-1419-4539-A197-B7821B91DF78}.Release|x64.Build.0 = Release|x64
		{23A35797-1419-4539-A197-B7821B91DF78}.Release|x86.ActiveCfg = Release|Win32
		{23A35797-1419-4539-A197-B7821B91DF78}.Release|x86.Build.0 = Release|Win32
		{243278CF-23BA-4030-A646-8F130B0FDEF2}.Debug|x64.ActiveCfg = Debug|x64
		{243278CF-23BA-4030-A646-8F130B0FDEF2}.Debug|x64.Build.0 = Debug|x64
		{243278CF-23BA-4030-A646-8F130B0FDEF2}.Debug|x86.ActiveCfg = Debug|Win32
		{243278CF-23BA-4030-A646-8F130B0FDEF2}.Debug|x86.Build.0 = Debug|Win32
		{243278CF-23BA-4030-A646-8F130B0FDEF2}.Release|x64.ActiveCfg = Release|x64
		{243278CF-23BA-4030-A646-8F130B0FDEF2}.Release|x64.Build.0 = Release|x64
		{243278CF-23BA-4030-A646-8F130B0FDEF2}.Release|x86.ActiveCfg = Release|Win32
		{243278CF-23BA-4030-A646-8F130B0FDEF2}.Release|x86.Build.0 = Release|Win32
		{9B0C14E5-3BA5-4A4A-8FC0-E3F81A986095}.Debug|x64.ActiveCfg = Debug|x64
		{9B0C14E5-3BA5-4A4A-8FC0-E3F81A986095}.Debug|x64.Build.0 = Debug|x64
		{9B0C14E5-3BA5-4A4A-8FC0-E3F81A986095}.Debug|x86.ActiveCfg = Debug|Win32
		{9B0C14E5-3BA5-4A4A-8FC0-E3F81A986095}.Debug|x86.Build.0 = Debug|Win32
		{9B0C14E5-3BA5-4A4A-8FC0-E3F81A986095}.Release|x64.ActiveCfg = Release|x64
		{9B0C14E5-3BA5-4A4A-8FC0-E3F81A986095}.Release|x64.Build.0 = Release|x64
		{9B0C14E5-3BA5-4A4A-8FC0-E3F81A986095}.Release|x86.ActiveCfg = Release|Win32
		{9B0C14E5-3BA5-4A4A-8FC0-E3F81A986095}.Release|x86.Build.0 = Release|Win32
		{4D13BA2B-D336-4F43-BCE9-8451A38947B8}.Debug|x64.ActiveCfg = Debug|x64
		{4D13BA2B-D336-4F43-BCE9-8451A38947B8}.Debug|x64.Build.0 = Debug|x64
		{4D13BA2B-D336-4F43-BCE9-8451A38947B8}.Debug|x86.ActiveCfg = Debug|Win32
		{4D13BA2B-D336-4F43-BCE9-8451A38947B8}.Debug|x86.Build.0 = Debug|Win32
		{4D13BA2B-D336-4F43-BCE9-8451A38947B8}.Release|x64.ActiveCfg = Release|x64
		{4D13BA2B-D336-4F43-BCE9-8451A38947B8}.Release|x64.Build.0 = Release|x64
		{4D13BA2B-D336-4F43-BCE9-8451A38947B8}.Release|x86.ActiveCfg = Release|Win32
		{4D13BA2B-D336-4F43-BCE9-8451A38947B8}.Release|x86.Build.0 = Release|Win32
		{FDDB68DB-A18B-417F-93EC-F3A38EEB06D5}.Debug|x64.ActiveCfg = Debug|x64
		{FDDB68DB-A18B-417F-93EC-F3A38EEB06D5}.Debug|x64.Build.0 = Debug|x64
		{FDDB68DB-A18B-417F-93EC-F3A38EEB06D5}.Debug|x86.ActiveCfg = Debug|Win32
		{FDDB68DB-A18B-417F-93EC-F3A38EEB06D5}.Debug|x86.Build.0 = Debug|Win32
		{FDDB68DB-A18B-417F-93EC-F3A38EEB06D5}.Release|x64.ActiveCfg = Release|x64
		{FDDB68DB-A18B-417F-93EC-F3A38EEB06D5}.Release|x64.Build.0 = Release|x64
		{FDDB68DB-A18B-417F-93EC-F3A38EEB06D5}.Release|x86.ActiveCfg = Release|Win32
		{FDDB68DB-A18B-417F-93EC-F3A38EEB06D5}.Release|x86.Build.0 = Release|Win32
		{4DE0E152-7C25-4EA1-9EF3-55683EE6C1D5}.Debug|x64.ActiveCfg = Debug|x64
		{4DE0E152-7C25-4EA1-9EF3-55683EE6C1D5}.Debug|x64.Build.0 = Debug|x64
		{4DE0E152-7C25-4EA1-9EF3-55683EE6C1D5}.Debug|x86.ActiveCfg = Debug|Win32
		{4DE0E152-7C25-4EA1-9EF3-55683EE6C1D5}.Debug|x86.Build.0 = Debug|Win32
		{4DE0E152-7C25-4EA1-9EF3-55683EE6C1D5}.Release|x64.ActiveCfg = Release|x64
		{4DE0E152-7C25-4EA1-9EF3-55683EE6C1D5}.Release|x64.Build.0 = Release|x64
		{4DE0E152-7C25-4EA1-9EF3-55683EE6C1D5}.Release|x86.ActiveCfg = Release|Win32
		{4DE0E152-7C25-4EA1-9EF3-55683EE6C1D5}.Release|x86.Build.0 = Release|Win32
		{B9C47519-ED8F-4D51-B127-90EB6D9B9246}.Debug|x64.ActiveCfg = Debug|x64
		{B9C47519-ED8F-4D51-B127-90EB6D9B9246}.Debug|x64.Build.0 = Debug|x64
		{B9C47519-ED8F-4D51-B127-90EB6D9B9246}.Debug|x86.ActiveCfg = Debug|Win32
		{B9C47519-ED8F-4D51-B127-90EB6D9B9246}.Debug|x86.Build.0 = Debug|Win32
		{B9C47519-ED8F-4D51-B127-90EB6D9B9246}.Release|x64.ActiveCfg = Release|x64
		{B9C47519-ED8F-4D51-B127-90EB6D9B9246}.Release|x64.Build.0 = Release|x64
		{B9C47519-ED8F-4D51-B127-90EB6D9B9246}.Release|x86.ActiveCfg = Release|Win32
		{B9C47519-ED8F-4D51-B127-90EB6D9B9246}.Release|x86.Build.0 = Release|Win32
		{1C72CC2E-CB76-4CDD-9286-601BC27CED45}.Debug|x64.ActiveCfg = Debug|x64
		{1C72CC2E-CB76-4CDD-9286-601BC27CED45}.Debug|x64.Build.0 = Debug|x64
		{1C72CC2E-CB76-4CDD-9286-601BC27CED45}.Debug|x86.ActiveCfg = Debug|Win32
		{1C72CC2E-CB76-4CDD-9286-601BC27CED45}.Debug|x86.Build.0 = Debug|Win32
		{1C72CC2E-CB76-4CDD-9286-601BC27CED45}.Release|x64.ActiveCfg = Release|x64
		{1C72CC2E-CB76-4CDD-9286-601BC27CED45}.Release|x64.Build.0 = Release|x64
		{1C72CC2E-CB76-4CDD-9286-601BC27CED45}.Release|x86.ActiveCfg = Release|Win32
		{1C72CC2E-CB76-4CDD-9286-601BC27CED45}.Release|x86.Build.0 = Release|Win32
	EndGlobalSection
	GlobalSection(SolutionProperties) = preSolution
		HideSolutionNode = FALSE
	EndGlobalSection
	GlobalSection(ExtensibilityGlobals) = postSolution
		SolutionGuid = {EC3E2D7A-D810-47A8-8654-F9B609D1D238}
	EndGlobalSection
EndGlobal
