
Microsoft Visual Studio Solution File, Format Version 11.00
# Visual Studio 2010
Project("{8BC9CEB8-8B4A-11D0-8D11-00A0C91BC942}") = "vs2010", "vs2010\vs2010.vcxproj", "{2602A34B-3BB5-4A65-B56D-42A5E1EDB03A}"
EndProject
Project("{8BC9CEB8-8B4A-11D0-8D11-00A0C91BC942}") = "MFC01", "MFC01\MFC01.vcxproj", "{2F0521BF-2333-459F-849A-BEAA1367F895}"
EndProject
Global
	GlobalSection(SolutionConfigurationPlatforms) = preSolution
		Debug|Win32 = Debug|Win32
		Release|Win32 = Release|Win32
	EndGlobalSection
	GlobalSection(ProjectConfigurationPlatforms) = postSolution
		{2602A34B-3BB5-4A65-B56D-42A5E1EDB03A}.Debug|Win32.ActiveCfg = Debug|Win32
		{2602A34B-3BB5-4A65-B56D-42A5E1EDB03A}.Debug|Win32.Build.0 = Debug|Win32
		{2602A34B-3BB5-4A65-B56D-42A5E1EDB03A}.Release|Win32.ActiveCfg = Release|Win32
		{2602A34B-3BB5-4A65-B56D-42A5E1EDB03A}.Release|Win32.Build.0 = Release|Win32
		{2F0521BF-2333-459F-849A-BEAA1367F895}.Debug|Win32.ActiveCfg = Debug|Win32
		{2F0521BF-2333-459F-849A-BEAA1367F895}.Debug|Win32.Build.0 = Debug|Win32
		{2F0521BF-2333-459F-849A-BEAA1367F895}.Release|Win32.ActiveCfg = Release|Win32
		{2F0521BF-2333-459F-849A-BEAA1367F895}.Release|Win32.Build.0 = Release|Win32
	EndGlobalSection
	GlobalSection(SolutionProperties) = preSolution
		HideSolutionNode = FALSE
	EndGlobalSection
EndGlobal
