
Microsoft Visual Studio Solution File, Format Version 12.00
# Visual Studio 15
VisualStudioVersion = 15.0.28307.902
MinimumVisualStudioVersion = 10.0.40219.1
Project("{8BC9CEB8-8B4A-11D0-8D11-00A0C91BC942}") = "MFCAdvanced", "MFCAdvanced\MFCAdvanced.vcxproj", "{AD7E6255-4114-420C-B6A8-28FC4E7E564F}"
EndProject
Project("{8BC9CEB8-8B4A-11D0-8D11-00A0C91BC942}") = "DemoWin01", "DemoWin01\DemoWin01.vcxproj", "{BB1DFF91-9EDD-47B1-B08F-A965731984A7}"
EndProject
Project("{8BC9CEB8-8B4A-11D0-8D11-00A0C91BC942}") = "DemoMFC01", "DemoMFC01\DemoMFC01.vcxproj", "{1AEC87FD-797D-4F6C-BA80-398160AC54C3}"
EndProject
Project("{8BC9CEB8-8B4A-11D0-8D11-00A0C91BC942}") = "DemoMFC02", "DemoMFC02\DemoMFC02.vcxproj", "{E28D268E-9042-4C00-90DC-F48AB4F0B090}"
EndProject
Global
	GlobalSection(SolutionConfigurationPlatforms) = preSolution
		Debug|x64 = Debug|x64
		Debug|x86 = Debug|x86
		Release|x64 = Release|x64
		Release|x86 = Release|x86
	EndGlobalSection
	GlobalSection(ProjectConfigurationPlatforms) = postSolution
		{AD7E6255-4114-420C-B6A8-28FC4E7E564F}.Debug|x64.ActiveCfg = Debug|x64
		{AD7E6255-4114-420C-B6A8-28FC4E7E564F}.Debug|x64.Build.0 = Debug|x64
		{AD7E6255-4114-420C-B6A8-28FC4E7E564F}.Debug|x86.ActiveCfg = Debug|Win32
		{AD7E6255-4114-420C-B6A8-28FC4E7E564F}.Debug|x86.Build.0 = Debug|Win32
		{AD7E6255-4114-420C-B6A8-28FC4E7E564F}.Release|x64.ActiveCfg = Release|x64
		{AD7E6255-4114-420C-B6A8-28FC4E7E564F}.Release|x64.Build.0 = Release|x64
		{AD7E6255-4114-420C-B6A8-28FC4E7E564F}.Release|x86.ActiveCfg = Release|Win32
		{AD7E6255-4114-420C-B6A8-28FC4E7E564F}.Release|x86.Build.0 = Release|Win32
		{BB1DFF91-9EDD-47B1-B08F-A965731984A7}.Debug|x64.ActiveCfg = Debug|x64
		{BB1DFF91-9EDD-47B1-B08F-A965731984A7}.Debug|x64.Build.0 = Debug|x64
		{BB1DFF91-9EDD-47B1-B08F-A965731984A7}.Debug|x86.ActiveCfg = Debug|Win32
		{BB1DFF91-9EDD-47B1-B08F-A965731984A7}.Debug|x86.Build.0 = Debug|Win32
		{BB1DFF91-9EDD-47B1-B08F-A965731984A7}.Release|x64.ActiveCfg = Release|x64
		{BB1DFF91-9EDD-47B1-B08F-A965731984A7}.Release|x64.Build.0 = Release|x64
		{BB1DFF91-9EDD-47B1-B08F-A965731984A7}.Release|x86.ActiveCfg = Release|Win32
		{BB1DFF91-9EDD-47B1-B08F-A965731984A7}.Release|x86.Build.0 = Release|Win32
		{1AEC87FD-797D-4F6C-BA80-398160AC54C3}.Debug|x64.ActiveCfg = Debug|x64
		{1AEC87FD-797D-4F6C-BA80-398160AC54C3}.Debug|x64.Build.0 = Debug|x64
		{1AEC87FD-797D-4F6C-BA80-398160AC54C3}.Debug|x86.ActiveCfg = Debug|Win32
		{1AEC87FD-797D-4F6C-BA80-398160AC54C3}.Debug|x86.Build.0 = Debug|Win32
		{1AEC87FD-797D-4F6C-BA80-398160AC54C3}.Release|x64.ActiveCfg = Release|x64
		{1AEC87FD-797D-4F6C-BA80-398160AC54C3}.Release|x64.Build.0 = Release|x64
		{1AEC87FD-797D-4F6C-BA80-398160AC54C3}.Release|x86.ActiveCfg = Release|Win32
		{1AEC87FD-797D-4F6C-BA80-398160AC54C3}.Release|x86.Build.0 = Release|Win32
		{E28D268E-9042-4C00-90DC-F48AB4F0B090}.Debug|x64.ActiveCfg = Debug|x64
		{E28D268E-9042-4C00-90DC-F48AB4F0B090}.Debug|x64.Build.0 = Debug|x64
		{E28D268E-9042-4C00-90DC-F48AB4F0B090}.Debug|x86.ActiveCfg = Debug|Win32
		{E28D268E-9042-4C00-90DC-F48AB4F0B090}.Debug|x86.Build.0 = Debug|Win32
		{E28D268E-9042-4C00-90DC-F48AB4F0B090}.Release|x64.ActiveCfg = Release|x64
		{E28D268E-9042-4C00-90DC-F48AB4F0B090}.Release|x64.Build.0 = Release|x64
		{E28D268E-9042-4C00-90DC-F48AB4F0B090}.Release|x86.ActiveCfg = Release|Win32
		{E28D268E-9042-4C00-90DC-F48AB4F0B090}.Release|x86.Build.0 = Release|Win32
	EndGlobalSection
	GlobalSection(SolutionProperties) = preSolution
		HideSolutionNode = FALSE
	EndGlobalSection
	GlobalSection(ExtensibilityGlobals) = postSolution
		SolutionGuid = {6E5FC6A7-E4AA-460F-A555-D1B90EC8DBCE}
	EndGlobalSection
EndGlobal
