
Microsoft Visual Studio Solution File, Format Version 12.00
# Visual Studio 15
VisualStudioVersion = 15.0.28307.902
MinimumVisualStudioVersion = 10.0.40219.1
Project("{8BC9CEB8-8B4A-11D0-8D11-00A0C91BC942}") = "MFCAdvanced", "MFCAdvanced\MFCAdvanced.vcxproj", "{AD7E6255-4114-420C-B6A8-28FC4E7E564F}"
EndProject
Project("{8BC9CEB8-8B4A-11D0-8D11-00A0C91BC942}") = "DemoWin01", "DemoWin01\DemoWin01.vcxproj", "{BB1DFF91-9EDD-47B1-B08F-A965731984A7}"
EndProject
Project("{8BC9CEB8-8B4A-11D0-8D11-00A0C91BC942}") = "DemoMFC01", "DemoMFC01\DemoMFC01.vcxproj", "{1AEC87FD-797D-4F6C-BA80-398160AC54C3}"
EndProject
Project("{8BC9CEB8-8B4A-11D0-8D11-00A0C91BC942}") = "DemoMFC02", "DemoMFC02\DemoMFC02.vcxproj", "{E28D268E-9042-4C00-90DC-F48AB4F0B090}"
EndProject
Project("{8BC9CEB8-8B4A-11D0-8D11-00A0C91BC942}") = "DemoMFC03", "DemoMFC03\DemoMFC03.vcxproj", "{444755B0-DDC5-4C39-8D47-4BC031CFAD6A}"
EndProject
Project("{8BC9CEB8-8B4A-11D0-8D11-00A0C91BC942}") = "DemoMFC04", "DemoMFC04\DemoMFC04.vcxproj", "{36BFDFE0-826A-475E-A25D-D9E88FC05858}"
EndProject
Project("{8BC9CEB8-8B4A-11D0-8D11-00A0C91BC942}") = "DemoMFC05", "DemoMFC05\DemoMFC05.vcxproj", "{8346AB25-4AC1-46A4-A32A-134E8C926A10}"
EndProject
Project("{8BC9CEB8-8B4A-11D0-8D11-00A0C91BC942}") = "DemoMFC06", "DemoMFC06\DemoMFC06.vcxproj", "{37158E35-08A0-4A18-9D1C-A8CA82EB9A52}"
EndProject
Project("{8BC9CEB8-8B4A-11D0-8D11-00A0C91BC942}") = "DemoMFC07", "DemoMFC07\DemoMFC07.vcxproj", "{374412DC-2FD3-4788-949E-7380B285A5F4}"
EndProject
Project("{8BC9CEB8-8B4A-11D0-8D11-00A0C91BC942}") = "DemoMFC08", "DemoMFC08\DemoMFC08.vcxproj", "{ECD160A9-5920-4714-A555-4A97C7F08F85}"
EndProject
Project("{8BC9CEB8-8B4A-11D0-8D11-00A0C91BC942}") = "DemoMFC09", "DemoMFC09\DemoMFC09.vcxproj", "{3F4CB35C-FBCD-45CF-85E6-FF2422F05144}"
EndProject
Project("{8BC9CEB8-8B4A-11D0-8D11-00A0C91BC942}") = "DemoMFC10", "DemoMFC10\DemoMFC10.vcxproj", "{8AA327B8-FB9D-4170-A7E8-4833B17B80AC}"
EndProject
Project("{8BC9CEB8-8B4A-11D0-8D11-00A0C91BC942}") = "DemoMFC11", "DemoMFC11\DemoMFC11.vcxproj", "{96876146-8BD5-44A0-ACAD-A7B5190FB536}"
EndProject
Global
	GlobalSection(SolutionConfigurationPlatforms) = preSolution
		Debug|x64 = Debug|x64
		Debug|x86 = Debug|x86
		Release|x64 = Release|x64
		Release|x86 = Release|x86
	EndGlobalSection
	GlobalSection(ProjectConfigurationPlatforms) = postSolution
		{AD7E6255-4114-420C-B6A8-28FC4E7E564F}.Debug|x64.ActiveCfg = Debug|x64
		{AD7E6255-4114-420C-B6A8-28FC4E7E564F}.Debug|x64.Build.0 = Debug|x64
		{AD7E6255-4114-420C-B6A8-28FC4E7E564F}.Debug|x86.ActiveCfg = Debug|Win32
		{AD7E6255-4114-420C-B6A8-28FC4E7E564F}.Debug|x86.Build.0 = Debug|Win32
		{AD7E6255-4114-420C-B6A8-28FC4E7E564F}.Release|x64.ActiveCfg = Release|x64
		{AD7E6255-4114-420C-B6A8-28FC4E7E564F}.Release|x64.Build.0 = Release|x64
		{AD7E6255-4114-420C-B6A8-28FC4E7E564F}.Release|x86.ActiveCfg = Release|Win32
		{AD7E6255-4114-420C-B6A8-28FC4E7E564F}.Release|x86.Build.0 = Release|Win32
		{BB1DFF91-9EDD-47B1-B08F-A965731984A7}.Debug|x64.ActiveCfg = Debug|x64
		{BB1DFF91-9EDD-47B1-B08F-A965731984A7}.Debug|x64.Build.0 = Debug|x64
		{BB1DFF91-9EDD-47B1-B08F-A965731984A7}.Debug|x86.ActiveCfg = Debug|Win32
		{BB1DFF91-9EDD-47B1-B08F-A965731984A7}.Debug|x86.Build.0 = Debug|Win32
		{BB1DFF91-9EDD-47B1-B08F-A965731984A7}.Release|x64.ActiveCfg = Release|x64
		{BB1DFF91-9EDD-47B1-B08F-A965731984A7}.Release|x64.Build.0 = Release|x64
		{BB1DFF91-9EDD-47B1-B08F-A965731984A7}.Release|x86.ActiveCfg = Release|Win32
		{BB1DFF91-9EDD-47B1-B08F-A965731984A7}.Release|x86.Build.0 = Release|Win32
		{1AEC87FD-797D-4F6C-BA80-398160AC54C3}.Debug|x64.ActiveCfg = Debug|x64
		{1AEC87FD-797D-4F6C-BA80-398160AC54C3}.Debug|x64.Build.0 = Debug|x64
		{1AEC87FD-797D-4F6C-BA80-398160AC54C3}.Debug|x86.ActiveCfg = Debug|Win32
		{1AEC87FD-797D-4F6C-BA80-398160AC54C3}.Debug|x86.Build.0 = Debug|Win32
		{1AEC87FD-797D-4F6C-BA80-398160AC54C3}.Release|x64.ActiveCfg = Release|x64
		{1AEC87FD-797D-4F6C-BA80-398160AC54C3}.Release|x64.Build.0 = Release|x64
		{1AEC87FD-797D-4F6C-BA80-398160AC54C3}.Release|x86.ActiveCfg = Release|Win32
		{1AEC87FD-797D-4F6C-BA80-398160AC54C3}.Release|x86.Build.0 = Release|Win32
		{E28D268E-9042-4C00-90DC-F48AB4F0B090}.Debug|x64.ActiveCfg = Debug|x64
		{E28D268E-9042-4C00-90DC-F48AB4F0B090}.Debug|x64.Build.0 = Debug|x64
		{E28D268E-9042-4C00-90DC-F48AB4F0B090}.Debug|x86.ActiveCfg = Debug|Win32
		{E28D268E-9042-4C00-90DC-F48AB4F0B090}.Debug|x86.Build.0 = Debug|Win32
		{E28D268E-9042-4C00-90DC-F48AB4F0B090}.Release|x64.ActiveCfg = Release|x64
		{E28D268E-9042-4C00-90DC-F48AB4F0B090}.Release|x64.Build.0 = Release|x64
		{E28D268E-9042-4C00-90DC-F48AB4F0B090}.Release|x86.ActiveCfg = Release|Win32
		{E28D268E-9042-4C00-90DC-F48AB4F0B090}.Release|x86.Build.0 = Release|Win32
		{444755B0-DDC5-4C39-8D47-4BC031CFAD6A}.Debug|x64.ActiveCfg = Debug|x64
		{444755B0-DDC5-4C39-8D47-4BC031CFAD6A}.Debug|x64.Build.0 = Debug|x64
		{444755B0-DDC5-4C39-8D47-4BC031CFAD6A}.Debug|x86.ActiveCfg = Debug|Win32
		{444755B0-DDC5-4C39-8D47-4BC031CFAD6A}.Debug|x86.Build.0 = Debug|Win32
		{444755B0-DDC5-4C39-8D47-4BC031CFAD6A}.Release|x64.ActiveCfg = Release|x64
		{444755B0-DDC5-4C39-8D47-4BC031CFAD6A}.Release|x64.Build.0 = Release|x64
		{444755B0-DDC5-4C39-8D47-4BC031CFAD6A}.Release|x86.ActiveCfg = Release|Win32
		{444755B0-DDC5-4C39-8D47-4BC031CFAD6A}.Release|x86.Build.0 = Release|Win32
		{36BFDFE0-826A-475E-A25D-D9E88FC05858}.Debug|x64.ActiveCfg = Debug|x64
		{36BFDFE0-826A-475E-A25D-D9E88FC05858}.Debug|x64.Build.0 = Debug|x64
		{36BFDFE0-826A-475E-A25D-D9E88FC05858}.Debug|x86.ActiveCfg = Debug|Win32
		{36BFDFE0-826A-475E-A25D-D9E88FC05858}.Debug|x86.Build.0 = Debug|Win32
		{36BFDFE0-826A-475E-A25D-D9E88FC05858}.Release|x64.ActiveCfg = Release|x64
		{36BFDFE0-826A-475E-A25D-D9E88FC05858}.Release|x64.Build.0 = Release|x64
		{36BFDFE0-826A-475E-A25D-D9E88FC05858}.Release|x86.ActiveCfg = Release|Win32
		{36BFDFE0-826A-475E-A25D-D9E88FC05858}.Release|x86.Build.0 = Release|Win32
		{8346AB25-4AC1-46A4-A32A-134E8C926A10}.Debug|x64.ActiveCfg = Debug|x64
		{8346AB25-4AC1-46A4-A32A-134E8C926A10}.Debug|x64.Build.0 = Debug|x64
		{8346AB25-4AC1-46A4-A32A-134E8C926A10}.Debug|x86.ActiveCfg = Debug|Win32
		{8346AB25-4AC1-46A4-A32A-134E8C926A10}.Debug|x86.Build.0 = Debug|Win32
		{8346AB25-4AC1-46A4-A32A-134E8C926A10}.Release|x64.ActiveCfg = Release|x64
		{8346AB25-4AC1-46A4-A32A-134E8C926A10}.Release|x64.Build.0 = Release|x64
		{8346AB25-4AC1-46A4-A32A-134E8C926A10}.Release|x86.ActiveCfg = Release|Win32
		{8346AB25-4AC1-46A4-A32A-134E8C926A10}.Release|x86.Build.0 = Release|Win32
		{37158E35-08A0-4A18-9D1C-A8CA82EB9A52}.Debug|x64.ActiveCfg = Debug|x64
		{37158E35-08A0-4A18-9D1C-A8CA82EB9A52}.Debug|x64.Build.0 = Debug|x64
		{37158E35-08A0-4A18-9D1C-A8CA82EB9A52}.Debug|x86.ActiveCfg = Debug|Win32
		{37158E35-08A0-4A18-9D1C-A8CA82EB9A52}.Debug|x86.Build.0 = Debug|Win32
		{37158E35-08A0-4A18-9D1C-A8CA82EB9A52}.Release|x64.ActiveCfg = Release|x64
		{37158E35-08A0-4A18-9D1C-A8CA82EB9A52}.Release|x64.Build.0 = Release|x64
		{37158E35-08A0-4A18-9D1C-A8CA82EB9A52}.Release|x86.ActiveCfg = Release|Win32
		{37158E35-08A0-4A18-9D1C-A8CA82EB9A52}.Release|x86.Build.0 = Release|Win32
		{374412DC-2FD3-4788-949E-7380B285A5F4}.Debug|x64.ActiveCfg = Debug|x64
		{374412DC-2FD3-4788-949E-7380B285A5F4}.Debug|x64.Build.0 = Debug|x64
		{374412DC-2FD3-4788-949E-7380B285A5F4}.Debug|x86.ActiveCfg = Debug|Win32
		{374412DC-2FD3-4788-949E-7380B285A5F4}.Debug|x86.Build.0 = Debug|Win32
		{374412DC-2FD3-4788-949E-7380B285A5F4}.Release|x64.ActiveCfg = Release|x64
		{374412DC-2FD3-4788-949E-7380B285A5F4}.Release|x64.Build.0 = Release|x64
		{374412DC-2FD3-4788-949E-7380B285A5F4}.Release|x86.ActiveCfg = Release|Win32
		{374412DC-2FD3-4788-949E-7380B285A5F4}.Release|x86.Build.0 = Release|Win32
		{ECD160A9-5920-4714-A555-4A97C7F08F85}.Debug|x64.ActiveCfg = Debug|x64
		{ECD160A9-5920-4714-A555-4A97C7F08F85}.Debug|x64.Build.0 = Debug|x64
		{ECD160A9-5920-4714-A555-4A97C7F08F85}.Debug|x86.ActiveCfg = Debug|Win32
		{ECD160A9-5920-4714-A555-4A97C7F08F85}.Debug|x86.Build.0 = Debug|Win32
		{ECD160A9-5920-4714-A555-4A97C7F08F85}.Release|x64.ActiveCfg = Release|x64
		{ECD160A9-5920-4714-A555-4A97C7F08F85}.Release|x64.Build.0 = Release|x64
		{ECD160A9-5920-4714-A555-4A97C7F08F85}.Release|x86.ActiveCfg = Release|Win32
		{ECD160A9-5920-4714-A555-4A97C7F08F85}.Release|x86.Build.0 = Release|Win32
		{3F4CB35C-FBCD-45CF-85E6-FF2422F05144}.Debug|x64.ActiveCfg = Debug|x64
		{3F4CB35C-FBCD-45CF-85E6-FF2422F05144}.Debug|x64.Build.0 = Debug|x64
		{3F4CB35C-FBCD-45CF-85E6-FF2422F05144}.Debug|x86.ActiveCfg = Debug|Win32
		{3F4CB35C-FBCD-45CF-85E6-FF2422F05144}.Debug|x86.Build.0 = Debug|Win32
		{3F4CB35C-FBCD-45CF-85E6-FF2422F05144}.Release|x64.ActiveCfg = Release|x64
		{3F4CB35C-FBCD-45CF-85E6-FF2422F05144}.Release|x64.Build.0 = Release|x64
		{3F4CB35C-FBCD-45CF-85E6-FF2422F05144}.Release|x86.ActiveCfg = Release|Win32
		{3F4CB35C-FBCD-45CF-85E6-FF2422F05144}.Release|x86.Build.0 = Release|Win32
		{8AA327B8-FB9D-4170-A7E8-4833B17B80AC}.Debug|x64.ActiveCfg = Debug|x64
		{8AA327B8-FB9D-4170-A7E8-4833B17B80AC}.Debug|x64.Build.0 = Debug|x64
		{8AA327B8-FB9D-4170-A7E8-4833B17B80AC}.Debug|x86.ActiveCfg = Debug|Win32
		{8AA327B8-FB9D-4170-A7E8-4833B17B80AC}.Debug|x86.Build.0 = Debug|Win32
		{8AA327B8-FB9D-4170-A7E8-4833B17B80AC}.Release|x64.ActiveCfg = Release|x64
		{8AA327B8-FB9D-4170-A7E8-4833B17B80AC}.Release|x64.Build.0 = Release|x64
		{8AA327B8-FB9D-4170-A7E8-4833B17B80AC}.Release|x86.ActiveCfg = Release|Win32
		{8AA327B8-FB9D-4170-A7E8-4833B17B80AC}.Release|x86.Build.0 = Release|Win32
		{96876146-8BD5-44A0-ACAD-A7B5190FB536}.Debug|x64.ActiveCfg = Debug|x64
		{96876146-8BD5-44A0-ACAD-A7B5190FB536}.Debug|x64.Build.0 = Debug|x64
		{96876146-8BD5-44A0-ACAD-A7B5190FB536}.Debug|x86.ActiveCfg = Debug|Win32
		{96876146-8BD5-44A0-ACAD-A7B5190FB536}.Debug|x86.Build.0 = Debug|Win32
		{96876146-8BD5-44A0-ACAD-A7B5190FB536}.Release|x64.ActiveCfg = Release|x64
		{96876146-8BD5-44A0-ACAD-A7B5190FB536}.Release|x64.Build.0 = Release|x64
		{96876146-8BD5-44A0-ACAD-A7B5190FB536}.Release|x86.ActiveCfg = Release|Win32
		{96876146-8BD5-44A0-ACAD-A7B5190FB536}.Release|x86.Build.0 = Release|Win32
	EndGlobalSection
	GlobalSection(SolutionProperties) = preSolution
		HideSolutionNode = FALSE
	EndGlobalSection
	GlobalSection(ExtensibilityGlobals) = postSolution
		SolutionGuid = {6E5FC6A7-E4AA-460F-A555-D1B90EC8DBCE}
	EndGlobalSection
EndGlobal
